
Microsoft Visual Studio Solution File, Format Version 12.00
# Visual Studio Version 17
VisualStudioVersion = 17.4.33213.308
MinimumVisualStudioVersion = 10.0.40219.1
Project("{FAE04EC0-301F-11D3-BF4B-00C04F79EFBC}") = "TicketSystem", "TicketSystem\TicketSystem.csproj", "{76BBF678-359B-4E86-BE6D-B1168957B65A}"
EndProject
Global
	GlobalSection(SolutionConfigurationPlatforms) = preSolution
		Debug|Any CPU = Debug|Any CPU
		Release|Any CPU = Release|Any CPU
	EndGlobalSection
	GlobalSection(ProjectConfigurationPlatforms) = postSolution
		{76BBF678-359B-4E86-BE6D-B1168957B65A}.Debug|Any CPU.ActiveCfg = Debug|Any CPU
		{76BBF678-359B-4E86-BE6D-B1168957B65A}.Debug|Any CPU.Build.0 = Debug|Any CPU
		{76BBF678-359B-4E86-BE6D-B1168957B65A}.Release|Any CPU.ActiveCfg = Release|Any CPU
		{76BBF678-359B-4E86-BE6D-B1168957B65A}.Release|Any CPU.Build.0 = Release|Any CPU
	EndGlobalSection
	GlobalSection(SolutionProperties) = preSolution
		HideSolutionNode = FALSE
	EndGlobalSection
	GlobalSection(ExtensibilityGlobals) = postSolution
		SolutionGuid = {AECC6A2F-2E02-40C2-B6C5-684CAA51035D}
	EndGlobalSection
EndGlobal
